
Microsoft Visual Studio Solution File, Format Version 12.00
# Visual Studio Version 17
VisualStudioVersion = 17.7.34031.279
MinimumVisualStudioVersion = 10.0.40219.1
Project("{FAE04EC0-301F-11D3-BF4B-00C04F79EFBC}") = "SistemaVenta.API", "SistemaVenta.API\SistemaVenta.API.csproj", "{353D6864-6974-4EEE-B432-5FFFEB5EE82F}"
EndProject
Project("{FAE04EC0-301F-11D3-BF4B-00C04F79EFBC}") = "SistemaVenta.DAL", "SistemaVentas.DAL\SistemaVenta.DAL.csproj", "{9747B0DF-4AA7-4D1C-AFC8-7E240FCAB57F}"
EndProject
Project("{FAE04EC0-301F-11D3-BF4B-00C04F79EFBC}") = "SistemaVenta.BLL", "SistemaVenta.BLL\SistemaVenta.BLL.csproj", "{6B2E2F8C-EC0B-4FF0-B098-3E75E1FD23E0}"
EndProject
Project("{FAE04EC0-301F-11D3-BF4B-00C04F79EFBC}") = "SistemaVenta.Model", "SistemaVenta.Model\SistemaVenta.Model.csproj", "{C2684BAB-D0DF-486B-B31D-8E0F25399B66}"
EndProject
Project("{FAE04EC0-301F-11D3-BF4B-00C04F79EFBC}") = "SistemaVenta.IOC", "SistemaVenta.IOC\SistemaVenta.IOC.csproj", "{2947B221-F351-4F3B-BB87-3C697B68532A}"
EndProject
Project("{FAE04EC0-301F-11D3-BF4B-00C04F79EFBC}") = "SistemaVenta.DTO", "SistemaVenta.DTO\SistemaVenta.DTO.csproj", "{EF884B05-3D2C-4C63-BF53-663D4CA40260}"
EndProject
Project("{FAE04EC0-301F-11D3-BF4B-00C04F79EFBC}") = "SistemaVenta.Utility", "SisemaVenta.Utility\SistemaVenta.Utility.csproj", "{A3092924-87E3-4908-BACA-8E9D38766779}"
EndProject
Global
	GlobalSection(SolutionConfigurationPlatforms) = preSolution
		Debug|Any CPU = Debug|Any CPU
		Release|Any CPU = Release|Any CPU
	EndGlobalSection
	GlobalSection(ProjectConfigurationPlatforms) = postSolution
		{353D6864-6974-4EEE-B432-5FFFEB5EE82F}.Debug|Any CPU.ActiveCfg = Debug|Any CPU
		{353D6864-6974-4EEE-B432-5FFFEB5EE82F}.Debug|Any CPU.Build.0 = Debug|Any CPU
		{353D6864-6974-4EEE-B432-5FFFEB5EE82F}.Release|Any CPU.ActiveCfg = Release|Any CPU
		{353D6864-6974-4EEE-B432-5FFFEB5EE82F}.Release|Any CPU.Build.0 = Release|Any CPU
		{9747B0DF-4AA7-4D1C-AFC8-7E240FCAB57F}.Debug|Any CPU.ActiveCfg = Debug|Any CPU
		{9747B0DF-4AA7-4D1C-AFC8-7E240FCAB57F}.Debug|Any CPU.Build.0 = Debug|Any CPU
		{9747B0DF-4AA7-4D1C-AFC8-7E240FCAB57F}.Release|Any CPU.ActiveCfg = Release|Any CPU
		{9747B0DF-4AA7-4D1C-AFC8-7E240FCAB57F}.Release|Any CPU.Build.0 = Release|Any CPU
		{6B2E2F8C-EC0B-4FF0-B098-3E75E1FD23E0}.Debug|Any CPU.ActiveCfg = Debug|Any CPU
		{6B2E2F8C-EC0B-4FF0-B098-3E75E1FD23E0}.Debug|Any CPU.Build.0 = Debug|Any CPU
		{6B2E2F8C-EC0B-4FF0-B098-3E75E1FD23E0}.Release|Any CPU.ActiveCfg = Release|Any CPU
		{6B2E2F8C-EC0B-4FF0-B098-3E75E1FD23E0}.Release|Any CPU.Build.0 = Release|Any CPU
		{C2684BAB-D0DF-486B-B31D-8E0F25399B66}.Debug|Any CPU.ActiveCfg = Debug|Any CPU
		{C2684BAB-D0DF-486B-B31D-8E0F25399B66}.Debug|Any CPU.Build.0 = Debug|Any CPU
		{C2684BAB-D0DF-486B-B31D-8E0F25399B66}.Release|Any CPU.ActiveCfg = Release|Any CPU
		{C2684BAB-D0DF-486B-B31D-8E0F25399B66}.Release|Any CPU.Build.0 = Release|Any CPU
		{2947B221-F351-4F3B-BB87-3C697B68532A}.Debug|Any CPU.ActiveCfg = Debug|Any CPU
		{2947B221-F351-4F3B-BB87-3C697B68532A}.Debug|Any CPU.Build.0 = Debug|Any CPU
		{2947B221-F351-4F3B-BB87-3C697B68532A}.Release|Any CPU.ActiveCfg = Release|Any CPU
		{2947B221-F351-4F3B-BB87-3C697B68532A}.Release|Any CPU.Build.0 = Release|Any CPU
		{EF884B05-3D2C-4C63-BF53-663D4CA40260}.Debug|Any CPU.ActiveCfg = Debug|Any CPU
		{EF884B05-3D2C-4C63-BF53-663D4CA40260}.Debug|Any CPU.Build.0 = Debug|Any CPU
		{EF884B05-3D2C-4C63-BF53-663D4CA40260}.Release|Any CPU.ActiveCfg = Release|Any CPU
		{EF884B05-3D2C-4C63-BF53-663D4CA40260}.Release|Any CPU.Build.0 = Release|Any CPU
		{A3092924-87E3-4908-BACA-8E9D38766779}.Debug|Any CPU.ActiveCfg = Debug|Any CPU
		{A3092924-87E3-4908-BACA-8E9D38766779}.Debug|Any CPU.Build.0 = Debug|Any CPU
		{A3092924-87E3-4908-BACA-8E9D38766779}.Release|Any CPU.ActiveCfg = Release|Any CPU
		{A3092924-87E3-4908-BACA-8E9D38766779}.Release|Any CPU.Build.0 = Release|Any CPU
	EndGlobalSection
	GlobalSection(SolutionProperties) = preSolution
		HideSolutionNode = FALSE
	EndGlobalSection
	GlobalSection(ExtensibilityGlobals) = postSolution
		SolutionGuid = {4175FA69-A04D-4185-B9D4-34CA712683D1}
	EndGlobalSection
EndGlobal
